
Microsoft Visual Studio Solution File, Format Version 12.00
# Visual Studio Version 17
VisualStudioVersion = 17.14.36811.4
MinimumVisualStudioVersion = 10.0.40219.1
Project("{C9674DCB-5085-4A16-B785-4C70DD1589BD}") = "FinancialDatawarehouse", "FinancialDatawarehouse.dtproj", "{DE6EFADC-1F9F-7B12-B4D3-E7D3877964AE}"
EndProject
Global
	GlobalSection(SolutionConfigurationPlatforms) = preSolution
		Development|Default = Development|Default
	EndGlobalSection
	GlobalSection(ProjectConfigurationPlatforms) = postSolution
		{DE6EFADC-1F9F-7B12-B4D3-E7D3877964AE}.Development|Default.ActiveCfg = Development
		{DE6EFADC-1F9F-7B12-B4D3-E7D3877964AE}.Development|Default.Build.0 = Development
	EndGlobalSection
	GlobalSection(SolutionProperties) = preSolution
		HideSolutionNode = FALSE
	EndGlobalSection
	GlobalSection(ExtensibilityGlobals) = postSolution
		SolutionGuid = {23242B65-624F-44E0-8251-B48C9DFFC531}
	EndGlobalSection
EndGlobal
